
Microsoft Visual Studio Solution File, Format Version 12.00
# Visual Studio 15
VisualStudioVersion = 15.0.28307.489
MinimumVisualStudioVersion = 10.0.40219.1
Project("{8BC9CEB8-8B4A-11D0-8D11-00A0C91BC942}") = "Algorithm", "Algorithm\Algorithm.vcxproj", "{08FC46AC-0B41-4836-8630-FA7099E625FD}"
EndProject
Global
	GlobalSection(SolutionConfigurationPlatforms) = preSolution
		Debug|x64 = Debug|x64
		Debug|x86 = Debug|x86
		Release|x64 = Release|x64
		Release|x86 = Release|x86
	EndGlobalSection
	GlobalSection(ProjectConfigurationPlatforms) = postSolution
		{08FC46AC-0B41-4836-8630-FA7099E625FD}.Debug|x64.ActiveCfg = Debug|x64
		{08FC46AC-0B41-4836-8630-FA7099E625FD}.Debug|x64.Build.0 = Debug|x64
		{08FC46AC-0B41-4836-8630-FA7099E625FD}.Debug|x86.ActiveCfg = Debug|Win32
		{08FC46AC-0B41-4836-8630-FA7099E625FD}.Debug|x86.Build.0 = Debug|Win32
		{08FC46AC-0B41-4836-8630-FA7099E625FD}.Release|x64.ActiveCfg = Release|x64
		{08FC46AC-0B41-4836-8630-FA7099E625FD}.Release|x64.Build.0 = Release|x64
		{08FC46AC-0B41-4836-8630-FA7099E625FD}.Release|x86.ActiveCfg = Release|Win32
		{08FC46AC-0B41-4836-8630-FA7099E625FD}.Release|x86.Build.0 = Release|Win32
	EndGlobalSection
	GlobalSection(SolutionProperties) = preSolution
		HideSolutionNode = FALSE
	EndGlobalSection
	GlobalSection(ExtensibilityGlobals) = postSolution
		SolutionGuid = {CE7FEBDB-02EE-416B-9F7E-CBB15100F3F0}
	EndGlobalSection
EndGlobal
