
Microsoft Visual Studio Solution File, Format Version 12.00
# Visual Studio 15
VisualStudioVersion = 15.0.28307.489
MinimumVisualStudioVersion = 10.0.40219.1
Project("{8BC9CEB8-8B4A-11D0-8D11-00A0C91BC942}") = "ch01", "ch01\ch01.vcxproj", "{740C8FAA-2D52-4536-9FA2-A8E50F1EF5E8}"
EndProject
Project("{8BC9CEB8-8B4A-11D0-8D11-00A0C91BC942}") = "ch02", "ch02\ch02.vcxproj", "{F6BB8B6D-A056-47F7-84C8-06EF259037E1}"
EndProject
Project("{8BC9CEB8-8B4A-11D0-8D11-00A0C91BC942}") = "ch03", "ch03\ch03.vcxproj", "{FC77C610-5C68-4B48-9E8D-3BA07D28317A}"
EndProject
Project("{8BC9CEB8-8B4A-11D0-8D11-00A0C91BC942}") = "ch04", "ch04\ch04.vcxproj", "{3C139AEF-8E4C-4D00-9395-690A5872607A}"
EndProject
Project("{8BC9CEB8-8B4A-11D0-8D11-00A0C91BC942}") = "ch05", "ch05\ch05.vcxproj", "{890E3FF2-1226-4266-99FC-0735DF362851}"
EndProject
Project("{8BC9CEB8-8B4A-11D0-8D11-00A0C91BC942}") = "ch06", "ch06\ch06.vcxproj", "{94A6F1F4-BD5E-4D16-A9AE-31DF3037D315}"
EndProject
Project("{8BC9CEB8-8B4A-11D0-8D11-00A0C91BC942}") = "ch07", "ch07\ch07.vcxproj", "{690941C8-FC70-4A0F-8206-2CF9E7C319E0}"
EndProject
Project("{8BC9CEB8-8B4A-11D0-8D11-00A0C91BC942}") = "ch08", "ch08\ch08.vcxproj", "{C96881B2-F395-4859-BF7E-B79E69CD6E65}"
EndProject
Global
	GlobalSection(SolutionConfigurationPlatforms) = preSolution
		Debug|x64 = Debug|x64
		Debug|x86 = Debug|x86
		Release|x64 = Release|x64
		Release|x86 = Release|x86
	EndGlobalSection
	GlobalSection(ProjectConfigurationPlatforms) = postSolution
		{740C8FAA-2D52-4536-9FA2-A8E50F1EF5E8}.Debug|x64.ActiveCfg = Debug|x64
		{740C8FAA-2D52-4536-9FA2-A8E50F1EF5E8}.Debug|x64.Build.0 = Debug|x64
		{740C8FAA-2D52-4536-9FA2-A8E50F1EF5E8}.Debug|x86.ActiveCfg = Debug|Win32
		{740C8FAA-2D52-4536-9FA2-A8E50F1EF5E8}.Debug|x86.Build.0 = Debug|Win32
		{740C8FAA-2D52-4536-9FA2-A8E50F1EF5E8}.Release|x64.ActiveCfg = Release|x64
		{740C8FAA-2D52-4536-9FA2-A8E50F1EF5E8}.Release|x64.Build.0 = Release|x64
		{740C8FAA-2D52-4536-9FA2-A8E50F1EF5E8}.Release|x86.ActiveCfg = Release|Win32
		{740C8FAA-2D52-4536-9FA2-A8E50F1EF5E8}.Release|x86.Build.0 = Release|Win32
		{F6BB8B6D-A056-47F7-84C8-06EF259037E1}.Debug|x64.ActiveCfg = Debug|x64
		{F6BB8B6D-A056-47F7-84C8-06EF259037E1}.Debug|x64.Build.0 = Debug|x64
		{F6BB8B6D-A056-47F7-84C8-06EF259037E1}.Debug|x86.ActiveCfg = Debug|Win32
		{F6BB8B6D-A056-47F7-84C8-06EF259037E1}.Debug|x86.Build.0 = Debug|Win32
		{F6BB8B6D-A056-47F7-84C8-06EF259037E1}.Release|x64.ActiveCfg = Release|x64
		{F6BB8B6D-A056-47F7-84C8-06EF259037E1}.Release|x64.Build.0 = Release|x64
		{F6BB8B6D-A056-47F7-84C8-06EF259037E1}.Release|x86.ActiveCfg = Release|Win32
		{F6BB8B6D-A056-47F7-84C8-06EF259037E1}.Release|x86.Build.0 = Release|Win32
		{FC77C610-5C68-4B48-9E8D-3BA07D28317A}.Debug|x64.ActiveCfg = Debug|x64
		{FC77C610-5C68-4B48-9E8D-3BA07D28317A}.Debug|x64.Build.0 = Debug|x64
		{FC77C610-5C68-4B48-9E8D-3BA07D28317A}.Debug|x86.ActiveCfg = Debug|Win32
		{FC77C610-5C68-4B48-9E8D-3BA07D28317A}.Debug|x86.Build.0 = Debug|Win32
		{FC77C610-5C68-4B48-9E8D-3BA07D28317A}.Release|x64.ActiveCfg = Release|x64
		{FC77C610-5C68-4B48-9E8D-3BA07D28317A}.Release|x64.Build.0 = Release|x64
		{FC77C610-5C68-4B48-9E8D-3BA07D28317A}.Release|x86.ActiveCfg = Release|Win32
		{FC77C610-5C68-4B48-9E8D-3BA07D28317A}.Release|x86.Build.0 = Release|Win32
		{3C139AEF-8E4C-4D00-9395-690A5872607A}.Debug|x64.ActiveCfg = Debug|x64
		{3C139AEF-8E4C-4D00-9395-690A5872607A}.Debug|x64.Build.0 = Debug|x64
		{3C139AEF-8E4C-4D00-9395-690A5872607A}.Debug|x86.ActiveCfg = Debug|Win32
		{3C139AEF-8E4C-4D00-9395-690A5872607A}.Debug|x86.Build.0 = Debug|Win32
		{3C139AEF-8E4C-4D00-9395-690A5872607A}.Release|x64.ActiveCfg = Release|x64
		{3C139AEF-8E4C-4D00-9395-690A5872607A}.Release|x64.Build.0 = Release|x64
		{3C139AEF-8E4C-4D00-9395-690A5872607A}.Release|x86.ActiveCfg = Release|Win32
		{3C139AEF-8E4C-4D00-9395-690A5872607A}.Release|x86.Build.0 = Release|Win32
		{890E3FF2-1226-4266-99FC-0735DF362851}.Debug|x64.ActiveCfg = Debug|x64
		{890E3FF2-1226-4266-99FC-0735DF362851}.Debug|x64.Build.0 = Debug|x64
		{890E3FF2-1226-4266-99FC-0735DF362851}.Debug|x86.ActiveCfg = Debug|Win32
		{890E3FF2-1226-4266-99FC-0735DF362851}.Debug|x86.Build.0 = Debug|Win32
		{890E3FF2-1226-4266-99FC-0735DF362851}.Release|x64.ActiveCfg = Release|x64
		{890E3FF2-1226-4266-99FC-0735DF362851}.Release|x64.Build.0 = Release|x64
		{890E3FF2-1226-4266-99FC-0735DF362851}.Release|x86.ActiveCfg = Release|Win32
		{890E3FF2-1226-4266-99FC-0735DF362851}.Release|x86.Build.0 = Release|Win32
		{94A6F1F4-BD5E-4D16-A9AE-31DF3037D315}.Debug|x64.ActiveCfg = Debug|x64
		{94A6F1F4-BD5E-4D16-A9AE-31DF3037D315}.Debug|x64.Build.0 = Debug|x64
		{94A6F1F4-BD5E-4D16-A9AE-31DF3037D315}.Debug|x86.ActiveCfg = Debug|Win32
		{94A6F1F4-BD5E-4D16-A9AE-31DF3037D315}.Debug|x86.Build.0 = Debug|Win32
		{94A6F1F4-BD5E-4D16-A9AE-31DF3037D315}.Release|x64.ActiveCfg = Release|x64
		{94A6F1F4-BD5E-4D16-A9AE-31DF3037D315}.Release|x64.Build.0 = Release|x64
		{94A6F1F4-BD5E-4D16-A9AE-31DF3037D315}.Release|x86.ActiveCfg = Release|Win32
		{94A6F1F4-BD5E-4D16-A9AE-31DF3037D315}.Release|x86.Build.0 = Release|Win32
		{690941C8-FC70-4A0F-8206-2CF9E7C319E0}.Debug|x64.ActiveCfg = Debug|x64
		{690941C8-FC70-4A0F-8206-2CF9E7C319E0}.Debug|x64.Build.0 = Debug|x64
		{690941C8-FC70-4A0F-8206-2CF9E7C319E0}.Debug|x86.ActiveCfg = Debug|Win32
		{690941C8-FC70-4A0F-8206-2CF9E7C319E0}.Debug|x86.Build.0 = Debug|Win32
		{690941C8-FC70-4A0F-8206-2CF9E7C319E0}.Release|x64.ActiveCfg = Release|x64
		{690941C8-FC70-4A0F-8206-2CF9E7C319E0}.Release|x64.Build.0 = Release|x64
		{690941C8-FC70-4A0F-8206-2CF9E7C319E0}.Release|x86.ActiveCfg = Release|Win32
		{690941C8-FC70-4A0F-8206-2CF9E7C319E0}.Release|x86.Build.0 = Release|Win32
		{C96881B2-F395-4859-BF7E-B79E69CD6E65}.Debug|x64.ActiveCfg = Debug|x64
		{C96881B2-F395-4859-BF7E-B79E69CD6E65}.Debug|x64.Build.0 = Debug|x64
		{C96881B2-F395-4859-BF7E-B79E69CD6E65}.Debug|x86.ActiveCfg = Debug|Win32
		{C96881B2-F395-4859-BF7E-B79E69CD6E65}.Debug|x86.Build.0 = Debug|Win32
		{C96881B2-F395-4859-BF7E-B79E69CD6E65}.Release|x64.ActiveCfg = Release|x64
		{C96881B2-F395-4859-BF7E-B79E69CD6E65}.Release|x64.Build.0 = Release|x64
		{C96881B2-F395-4859-BF7E-B79E69CD6E65}.Release|x86.ActiveCfg = Release|Win32
		{C96881B2-F395-4859-BF7E-B79E69CD6E65}.Release|x86.Build.0 = Release|Win32
	EndGlobalSection
	GlobalSection(SolutionProperties) = preSolution
		HideSolutionNode = FALSE
	EndGlobalSection
	GlobalSection(ExtensibilityGlobals) = postSolution
		SolutionGuid = {37100772-EA17-4299-9209-1F84F8FE4D13}
	EndGlobalSection
EndGlobal
